# THIS IS AN AUTOGENERATED FILE. DO NOT EDIT THIS FILE DIRECTLY.
# yarn lockfile v1


dateformat@1.0.2-1.2.3:
  version "1.0.2-1.2.3"
  resolved "https://registry.yarnpkg.com/dateformat/-/dateformat-1.0.2-1.2.3.tgz#b0220c02de98617433b72851cf47de3df2cdbee9"

libs@^0.1.2:
  version "0.1.2"
  resolved "https://registry.yarnpkg.com/libs/-/libs-0.1.2.tgz#97c049ff773e459b42a1d56818ca02acd4f1f099"
  dependencies:
    dateformat "1.0.2-1.2.3"

underscore@^1.7.0:
  version "1.9.1"
  resolved "https://registry.yarnpkg.com/underscore/-/underscore-1.9.1.tgz#06dce34a0e68a7babc29b365b8e74b8925203961"

"usng.js@file:libs/usng.js":
  version "0.3.0"

usng@^0.1.2:
  version "0.1.2"
  resolved "https://registry.yarnpkg.com/usng/-/usng-0.1.2.tgz#67e485b43f21b05ba586ef52beb6113932348139"
  dependencies:
    underscore "^1.7.0"
